
Microsoft Visual Studio Solution File, Format Version 12.00
# Visual Studio Version 17
VisualStudioVersion = 17.0.31903.59
MinimumVisualStudioVersion = 10.0.40219.1
Project("{2150E333-8FDC-42A3-9474-1A3956D46DE8}") = "src", "src", "{827E0CD3-B72D-47B6-A68D-7590B98EB39B}"
EndProject
Project("{FAE04EC0-301F-11D3-BF4B-00C04F79EFBC}") = "Kaissa.Chess.Engine", "src\Kaissa.Chess.Engine\Kaissa.Chess.Engine.csproj", "{A78CB242-B920-4426-953E-0A7E9E76761A}"
EndProject
Project("{FAE04EC0-301F-11D3-BF4B-00C04F79EFBC}") = "Kaissa.Chess.Engine.Cli", "src\Kaissa.Chess.Engine.Cli\Kaissa.Chess.Engine.Cli.csproj", "{B4AA8F3D-BE90-4921-B49F-54CB1162C977}"
EndProject
Project("{FAE04EC0-301F-11D3-BF4B-00C04F79EFBC}") = "Kaissa.FakeUci", "tools\FakeUci\Kaissa.FakeUci.csproj", "{F034F846-8231-4F8F-99FE-3DA7120391F4}"
EndProject
Project("{FAE04EC0-301F-11D3-BF4B-00C04F79EFBC}") = "Kaissa.Chess.Engine.Tests", "tests\Kaissa.Chess.Engine.Tests\Kaissa.Chess.Engine.Tests.csproj", "{BC03CB63-BDE6-4C30-A041-FCC44DA19A38}"
EndProject
Project("{FAE04EC0-301F-11D3-BF4B-00C04F79EFBC}") = "Kaissa.Learning", "src\Kaissa.Learning\Kaissa.Learning.csproj", "{B3F62B9F-0DCB-4B7B-BDBA-AB7A53B99983}"
EndProject
Project("{FAE04EC0-301F-11D3-BF4B-00C04F79EFBC}") = "Kaissa.Learning.Tests", "tests\Kaissa.Learning.Tests\Kaissa.Learning.Tests.csproj", "{CE5062B3-5A49-41BE-BB13-56DAD8A6D42B}"
EndProject
Project("{FAE04EC0-301F-11D3-BF4B-00C04F79EFBC}") = "Kaissa.Chess.Rules", "src\Kaissa.Chess.Rules\Kaissa.Chess.Rules.csproj", "{495407BD-A987-4EFA-BB39-E9836888D325}"
EndProject
Project("{FAE04EC0-301F-11D3-BF4B-00C04F79EFBC}") = "Kaissa.Chess.Rules.Tests", "tests\Kaissa.Chess.Rules.Tests\Kaissa.Chess.Rules.Tests.csproj", "{CBCE7787-63A6-4C0D-AF32-13F75ED881A8}"
EndProject
Project("{FAE04EC0-301F-11D3-BF4B-00C04F79EFBC}") = "Kaissa.Training", "src\Kaissa.Training\Kaissa.Training.csproj", "{DC09C93B-BE97-4938-8414-471EF65511AF}"
EndProject
Project("{FAE04EC0-301F-11D3-BF4B-00C04F79EFBC}") = "Kaissa.Training.Cli", "src\Kaissa.Training.Cli\Kaissa.Training.Cli.csproj", "{2385A47D-66F4-4D51-BBA2-0C81690267E8}"
EndProject
Project("{FAE04EC0-301F-11D3-BF4B-00C04F79EFBC}") = "Kaissa.Training.Tests", "tests\Kaissa.Training.Tests\Kaissa.Training.Tests.csproj", "{3401ECF2-5BB8-4A2E-852C-12DA67482BAE}"
EndProject
Project("{2150E333-8FDC-42A3-9474-1A3956D46DE8}") = "tools", "tools", "{07C2787E-EAC7-C090-1BA3-A61EC2A24D84}"
EndProject
Project("{2150E333-8FDC-42A3-9474-1A3956D46DE8}") = "ContentImporter", "ContentImporter", "{5961155D-CBB1-5011-E093-9727F036555A}"
EndProject
Project("{FAE04EC0-301F-11D3-BF4B-00C04F79EFBC}") = "Kaissa.Content.Importer", "tools\ContentImporter\Kaissa.Content.Importer.csproj", "{CDFC9BD2-B7ED-4804-AA72-8102461382E7}"
EndProject
Global
	GlobalSection(SolutionConfigurationPlatforms) = preSolution
		Debug|Any CPU = Debug|Any CPU
		Debug|x64 = Debug|x64
		Debug|x86 = Debug|x86
		Release|Any CPU = Release|Any CPU
		Release|x64 = Release|x64
		Release|x86 = Release|x86
	EndGlobalSection
	GlobalSection(ProjectConfigurationPlatforms) = postSolution
		{A78CB242-B920-4426-953E-0A7E9E76761A}.Debug|Any CPU.ActiveCfg = Debug|Any CPU
		{A78CB242-B920-4426-953E-0A7E9E76761A}.Debug|Any CPU.Build.0 = Debug|Any CPU
		{A78CB242-B920-4426-953E-0A7E9E76761A}.Debug|x64.ActiveCfg = Debug|Any CPU
		{A78CB242-B920-4426-953E-0A7E9E76761A}.Debug|x64.Build.0 = Debug|Any CPU
		{A78CB242-B920-4426-953E-0A7E9E76761A}.Debug|x86.ActiveCfg = Debug|Any CPU
		{A78CB242-B920-4426-953E-0A7E9E76761A}.Debug|x86.Build.0 = Debug|Any CPU
		{A78CB242-B920-4426-953E-0A7E9E76761A}.Release|Any CPU.ActiveCfg = Release|Any CPU
		{A78CB242-B920-4426-953E-0A7E9E76761A}.Release|Any CPU.Build.0 = Release|Any CPU
		{A78CB242-B920-4426-953E-0A7E9E76761A}.Release|x64.ActiveCfg = Release|Any CPU
		{A78CB242-B920-4426-953E-0A7E9E76761A}.Release|x64.Build.0 = Release|Any CPU
		{A78CB242-B920-4426-953E-0A7E9E76761A}.Release|x86.ActiveCfg = Release|Any CPU
		{A78CB242-B920-4426-953E-0A7E9E76761A}.Release|x86.Build.0 = Release|Any CPU
		{B4AA8F3D-BE90-4921-B49F-54CB1162C977}.Debug|Any CPU.ActiveCfg = Debug|Any CPU
		{B4AA8F3D-BE90-4921-B49F-54CB1162C977}.Debug|Any CPU.Build.0 = Debug|Any CPU
		{B4AA8F3D-BE90-4921-B49F-54CB1162C977}.Debug|x64.ActiveCfg = Debug|Any CPU
		{B4AA8F3D-BE90-4921-B49F-54CB1162C977}.Debug|x64.Build.0 = Debug|Any CPU
		{B4AA8F3D-BE90-4921-B49F-54CB1162C977}.Debug|x86.ActiveCfg = Debug|Any CPU
		{B4AA8F3D-BE90-4921-B49F-54CB1162C977}.Debug|x86.Build.0 = Debug|Any CPU
		{B4AA8F3D-BE90-4921-B49F-54CB1162C977}.Release|Any CPU.ActiveCfg = Release|Any CPU
		{B4AA8F3D-BE90-4921-B49F-54CB1162C977}.Release|Any CPU.Build.0 = Release|Any CPU
		{B4AA8F3D-BE90-4921-B49F-54CB1162C977}.Release|x64.ActiveCfg = Release|Any CPU
		{B4AA8F3D-BE90-4921-B49F-54CB1162C977}.Release|x64.Build.0 = Release|Any CPU
		{B4AA8F3D-BE90-4921-B49F-54CB1162C977}.Release|x86.ActiveCfg = Release|Any CPU
		{B4AA8F3D-BE90-4921-B49F-54CB1162C977}.Release|x86.Build.0 = Release|Any CPU
		{F034F846-8231-4F8F-99FE-3DA7120391F4}.Debug|Any CPU.ActiveCfg = Debug|Any CPU
		{F034F846-8231-4F8F-99FE-3DA7120391F4}.Debug|Any CPU.Build.0 = Debug|Any CPU
		{F034F846-8231-4F8F-99FE-3DA7120391F4}.Debug|x64.ActiveCfg = Debug|Any CPU
		{F034F846-8231-4F8F-99FE-3DA7120391F4}.Debug|x64.Build.0 = Debug|Any CPU
		{F034F846-8231-4F8F-99FE-3DA7120391F4}.Debug|x86.ActiveCfg = Debug|Any CPU
		{F034F846-8231-4F8F-99FE-3DA7120391F4}.Debug|x86.Build.0 = Debug|Any CPU
		{F034F846-8231-4F8F-99FE-3DA7120391F4}.Release|Any CPU.ActiveCfg = Release|Any CPU
		{F034F846-8231-4F8F-99FE-3DA7120391F4}.Release|Any CPU.Build.0 = Release|Any CPU
		{F034F846-8231-4F8F-99FE-3DA7120391F4}.Release|x64.ActiveCfg = Release|Any CPU
		{F034F846-8231-4F8F-99FE-3DA7120391F4}.Release|x64.Build.0 = Release|Any CPU
		{F034F846-8231-4F8F-99FE-3DA7120391F4}.Release|x86.ActiveCfg = Release|Any CPU
		{F034F846-8231-4F8F-99FE-3DA7120391F4}.Release|x86.Build.0 = Release|Any CPU
		{BC03CB63-BDE6-4C30-A041-FCC44DA19A38}.Debug|Any CPU.ActiveCfg = Debug|Any CPU
		{BC03CB63-BDE6-4C30-A041-FCC44DA19A38}.Debug|Any CPU.Build.0 = Debug|Any CPU
		{BC03CB63-BDE6-4C30-A041-FCC44DA19A38}.Debug|x64.ActiveCfg = Debug|Any CPU
		{BC03CB63-BDE6-4C30-A041-FCC44DA19A38}.Debug|x64.Build.0 = Debug|Any CPU
		{BC03CB63-BDE6-4C30-A041-FCC44DA19A38}.Debug|x86.ActiveCfg = Debug|Any CPU
		{BC03CB63-BDE6-4C30-A041-FCC44DA19A38}.Debug|x86.Build.0 = Debug|Any CPU
		{BC03CB63-BDE6-4C30-A041-FCC44DA19A38}.Release|Any CPU.ActiveCfg = Release|Any CPU
		{BC03CB63-BDE6-4C30-A041-FCC44DA19A38}.Release|Any CPU.Build.0 = Release|Any CPU
		{BC03CB63-BDE6-4C30-A041-FCC44DA19A38}.Release|x64.ActiveCfg = Release|Any CPU
		{BC03CB63-BDE6-4C30-A041-FCC44DA19A38}.Release|x64.Build.0 = Release|Any CPU
		{BC03CB63-BDE6-4C30-A041-FCC44DA19A38}.Release|x86.ActiveCfg = Release|Any CPU
		{BC03CB63-BDE6-4C30-A041-FCC44DA19A38}.Release|x86.Build.0 = Release|Any CPU
		{B3F62B9F-0DCB-4B7B-BDBA-AB7A53B99983}.Debug|Any CPU.ActiveCfg = Debug|Any CPU
		{B3F62B9F-0DCB-4B7B-BDBA-AB7A53B99983}.Debug|Any CPU.Build.0 = Debug|Any CPU
		{B3F62B9F-0DCB-4B7B-BDBA-AB7A53B99983}.Debug|x64.ActiveCfg = Debug|Any CPU
		{B3F62B9F-0DCB-4B7B-BDBA-AB7A53B99983}.Debug|x64.Build.0 = Debug|Any CPU
		{B3F62B9F-0DCB-4B7B-BDBA-AB7A53B99983}.Debug|x86.ActiveCfg = Debug|Any CPU
		{B3F62B9F-0DCB-4B7B-BDBA-AB7A53B99983}.Debug|x86.Build.0 = Debug|Any CPU
		{B3F62B9F-0DCB-4B7B-BDBA-AB7A53B99983}.Release|Any CPU.ActiveCfg = Release|Any CPU
		{B3F62B9F-0DCB-4B7B-BDBA-AB7A53B99983}.Release|Any CPU.Build.0 = Release|Any CPU
		{B3F62B9F-0DCB-4B7B-BDBA-AB7A53B99983}.Release|x64.ActiveCfg = Release|Any CPU
		{B3F62B9F-0DCB-4B7B-BDBA-AB7A53B99983}.Release|x64.Build.0 = Release|Any CPU
		{B3F62B9F-0DCB-4B7B-BDBA-AB7A53B99983}.Release|x86.ActiveCfg = Release|Any CPU
		{B3F62B9F-0DCB-4B7B-BDBA-AB7A53B99983}.Release|x86.Build.0 = Release|Any CPU
		{CE5062B3-5A49-41BE-BB13-56DAD8A6D42B}.Debug|Any CPU.ActiveCfg = Debug|Any CPU
		{CE5062B3-5A49-41BE-BB13-56DAD8A6D42B}.Debug|Any CPU.Build.0 = Debug|Any CPU
		{CE5062B3-5A49-41BE-BB13-56DAD8A6D42B}.Debug|x64.ActiveCfg = Debug|Any CPU
		{CE5062B3-5A49-41BE-BB13-56DAD8A6D42B}.Debug|x64.Build.0 = Debug|Any CPU
		{CE5062B3-5A49-41BE-BB13-56DAD8A6D42B}.Debug|x86.ActiveCfg = Debug|Any CPU
		{CE5062B3-5A49-41BE-BB13-56DAD8A6D42B}.Debug|x86.Build.0 = Debug|Any CPU
		{CE5062B3-5A49-41BE-BB13-56DAD8A6D42B}.Release|Any CPU.ActiveCfg = Release|Any CPU
		{CE5062B3-5A49-41BE-BB13-56DAD8A6D42B}.Release|Any CPU.Build.0 = Release|Any CPU
		{CE5062B3-5A49-41BE-BB13-56DAD8A6D42B}.Release|x64.ActiveCfg = Release|Any CPU
		{CE5062B3-5A49-41BE-BB13-56DAD8A6D42B}.Release|x64.Build.0 = Release|Any CPU
		{CE5062B3-5A49-41BE-BB13-56DAD8A6D42B}.Release|x86.ActiveCfg = Release|Any CPU
		{CE5062B3-5A49-41BE-BB13-56DAD8A6D42B}.Release|x86.Build.0 = Release|Any CPU
		{495407BD-A987-4EFA-BB39-E9836888D325}.Debug|Any CPU.ActiveCfg = Debug|Any CPU
		{495407BD-A987-4EFA-BB39-E9836888D325}.Debug|Any CPU.Build.0 = Debug|Any CPU
		{495407BD-A987-4EFA-BB39-E9836888D325}.Debug|x64.ActiveCfg = Debug|Any CPU
		{495407BD-A987-4EFA-BB39-E9836888D325}.Debug|x64.Build.0 = Debug|Any CPU
		{495407BD-A987-4EFA-BB39-E9836888D325}.Debug|x86.ActiveCfg = Debug|Any CPU
		{495407BD-A987-4EFA-BB39-E9836888D325}.Debug|x86.Build.0 = Debug|Any CPU
		{495407BD-A987-4EFA-BB39-E9836888D325}.Release|Any CPU.ActiveCfg = Release|Any CPU
		{495407BD-A987-4EFA-BB39-E9836888D325}.Release|Any CPU.Build.0 = Release|Any CPU
		{495407BD-A987-4EFA-BB39-E9836888D325}.Release|x64.ActiveCfg = Release|Any CPU
		{495407BD-A987-4EFA-BB39-E9836888D325}.Release|x64.Build.0 = Release|Any CPU
		{495407BD-A987-4EFA-BB39-E9836888D325}.Release|x86.ActiveCfg = Release|Any CPU
		{495407BD-A987-4EFA-BB39-E9836888D325}.Release|x86.Build.0 = Release|Any CPU
		{CBCE7787-63A6-4C0D-AF32-13F75ED881A8}.Debug|Any CPU.ActiveCfg = Debug|Any CPU
		{CBCE7787-63A6-4C0D-AF32-13F75ED881A8}.Debug|Any CPU.Build.0 = Debug|Any CPU
		{CBCE7787-63A6-4C0D-AF32-13F75ED881A8}.Debug|x64.ActiveCfg = Debug|Any CPU
		{CBCE7787-63A6-4C0D-AF32-13F75ED881A8}.Debug|x64.Build.0 = Debug|Any CPU
		{CBCE7787-63A6-4C0D-AF32-13F75ED881A8}.Debug|x86.ActiveCfg = Debug|Any CPU
		{CBCE7787-63A6-4C0D-AF32-13F75ED881A8}.Debug|x86.Build.0 = Debug|Any CPU
		{CBCE7787-63A6-4C0D-AF32-13F75ED881A8}.Release|Any CPU.ActiveCfg = Release|Any CPU
		{CBCE7787-63A6-4C0D-AF32-13F75ED881A8}.Release|Any CPU.Build.0 = Release|Any CPU
		{CBCE7787-63A6-4C0D-AF32-13F75ED881A8}.Release|x64.ActiveCfg = Release|Any CPU
		{CBCE7787-63A6-4C0D-AF32-13F75ED881A8}.Release|x64.Build.0 = Release|Any CPU
		{CBCE7787-63A6-4C0D-AF32-13F75ED881A8}.Release|x86.ActiveCfg = Release|Any CPU
		{CBCE7787-63A6-4C0D-AF32-13F75ED881A8}.Release|x86.Build.0 = Release|Any CPU
		{DC09C93B-BE97-4938-8414-471EF65511AF}.Debug|Any CPU.ActiveCfg = Debug|Any CPU
		{DC09C93B-BE97-4938-8414-471EF65511AF}.Debug|Any CPU.Build.0 = Debug|Any CPU
		{DC09C93B-BE97-4938-8414-471EF65511AF}.Debug|x64.ActiveCfg = Debug|Any CPU
		{DC09C93B-BE97-4938-8414-471EF65511AF}.Debug|x64.Build.0 = Debug|Any CPU
		{DC09C93B-BE97-4938-8414-471EF65511AF}.Debug|x86.ActiveCfg = Debug|Any CPU
		{DC09C93B-BE97-4938-8414-471EF65511AF}.Debug|x86.Build.0 = Debug|Any CPU
		{DC09C93B-BE97-4938-8414-471EF65511AF}.Release|Any CPU.ActiveCfg = Release|Any CPU
		{DC09C93B-BE97-4938-8414-471EF65511AF}.Release|Any CPU.Build.0 = Release|Any CPU
		{DC09C93B-BE97-4938-8414-471EF65511AF}.Release|x64.ActiveCfg = Release|Any CPU
		{DC09C93B-BE97-4938-8414-471EF65511AF}.Release|x64.Build.0 = Release|Any CPU
		{DC09C93B-BE97-4938-8414-471EF65511AF}.Release|x86.ActiveCfg = Release|Any CPU
		{DC09C93B-BE97-4938-8414-471EF65511AF}.Release|x86.Build.0 = Release|Any CPU
		{2385A47D-66F4-4D51-BBA2-0C81690267E8}.Debug|Any CPU.ActiveCfg = Debug|Any CPU
		{2385A47D-66F4-4D51-BBA2-0C81690267E8}.Debug|Any CPU.Build.0 = Debug|Any CPU
		{2385A47D-66F4-4D51-BBA2-0C81690267E8}.Debug|x64.ActiveCfg = Debug|Any CPU
		{2385A47D-66F4-4D51-BBA2-0C81690267E8}.Debug|x64.Build.0 = Debug|Any CPU
		{2385A47D-66F4-4D51-BBA2-0C81690267E8}.Debug|x86.ActiveCfg = Debug|Any CPU
		{2385A47D-66F4-4D51-BBA2-0C81690267E8}.Debug|x86.Build.0 = Debug|Any CPU
		{2385A47D-66F4-4D51-BBA2-0C81690267E8}.Release|Any CPU.ActiveCfg = Release|Any CPU
		{2385A47D-66F4-4D51-BBA2-0C81690267E8}.Release|Any CPU.Build.0 = Release|Any CPU
		{2385A47D-66F4-4D51-BBA2-0C81690267E8}.Release|x64.ActiveCfg = Release|Any CPU
		{2385A47D-66F4-4D51-BBA2-0C81690267E8}.Release|x64.Build.0 = Release|Any CPU
		{2385A47D-66F4-4D51-BBA2-0C81690267E8}.Release|x86.ActiveCfg = Release|Any CPU
		{2385A47D-66F4-4D51-BBA2-0C81690267E8}.Release|x86.Build.0 = Release|Any CPU
		{3401ECF2-5BB8-4A2E-852C-12DA67482BAE}.Debug|Any CPU.ActiveCfg = Debug|Any CPU
		{3401ECF2-5BB8-4A2E-852C-12DA67482BAE}.Debug|Any CPU.Build.0 = Debug|Any CPU
		{3401ECF2-5BB8-4A2E-852C-12DA67482BAE}.Debug|x64.ActiveCfg = Debug|Any CPU
		{3401ECF2-5BB8-4A2E-852C-12DA67482BAE}.Debug|x64.Build.0 = Debug|Any CPU
		{3401ECF2-5BB8-4A2E-852C-12DA67482BAE}.Debug|x86.ActiveCfg = Debug|Any CPU
		{3401ECF2-5BB8-4A2E-852C-12DA67482BAE}.Debug|x86.Build.0 = Debug|Any CPU
		{3401ECF2-5BB8-4A2E-852C-12DA67482BAE}.Release|Any CPU.ActiveCfg = Release|Any CPU
		{3401ECF2-5BB8-4A2E-852C-12DA67482BAE}.Release|Any CPU.Build.0 = Release|Any CPU
		{3401ECF2-5BB8-4A2E-852C-12DA67482BAE}.Release|x64.ActiveCfg = Release|Any CPU
		{3401ECF2-5BB8-4A2E-852C-12DA67482BAE}.Release|x64.Build.0 = Release|Any CPU
		{3401ECF2-5BB8-4A2E-852C-12DA67482BAE}.Release|x86.ActiveCfg = Release|Any CPU
		{3401ECF2-5BB8-4A2E-852C-12DA67482BAE}.Release|x86.Build.0 = Release|Any CPU
		{CDFC9BD2-B7ED-4804-AA72-8102461382E7}.Debug|Any CPU.ActiveCfg = Debug|Any CPU
		{CDFC9BD2-B7ED-4804-AA72-8102461382E7}.Debug|Any CPU.Build.0 = Debug|Any CPU
		{CDFC9BD2-B7ED-4804-AA72-8102461382E7}.Debug|x64.ActiveCfg = Debug|Any CPU
		{CDFC9BD2-B7ED-4804-AA72-8102461382E7}.Debug|x64.Build.0 = Debug|Any CPU
		{CDFC9BD2-B7ED-4804-AA72-8102461382E7}.Debug|x86.ActiveCfg = Debug|Any CPU
		{CDFC9BD2-B7ED-4804-AA72-8102461382E7}.Debug|x86.Build.0 = Debug|Any CPU
		{CDFC9BD2-B7ED-4804-AA72-8102461382E7}.Release|Any CPU.ActiveCfg = Release|Any CPU
		{CDFC9BD2-B7ED-4804-AA72-8102461382E7}.Release|Any CPU.Build.0 = Release|Any CPU
		{CDFC9BD2-B7ED-4804-AA72-8102461382E7}.Release|x64.ActiveCfg = Release|Any CPU
		{CDFC9BD2-B7ED-4804-AA72-8102461382E7}.Release|x64.Build.0 = Release|Any CPU
		{CDFC9BD2-B7ED-4804-AA72-8102461382E7}.Release|x86.ActiveCfg = Release|Any CPU
		{CDFC9BD2-B7ED-4804-AA72-8102461382E7}.Release|x86.Build.0 = Release|Any CPU
	EndGlobalSection
	GlobalSection(SolutionProperties) = preSolution
		HideSolutionNode = FALSE
	EndGlobalSection
	GlobalSection(NestedProjects) = preSolution
		{A78CB242-B920-4426-953E-0A7E9E76761A} = {827E0CD3-B72D-47B6-A68D-7590B98EB39B}
		{B4AA8F3D-BE90-4921-B49F-54CB1162C977} = {827E0CD3-B72D-47B6-A68D-7590B98EB39B}
		{F034F846-8231-4F8F-99FE-3DA7120391F4} = {827E0CD3-B72D-47B6-A68D-7590B98EB39B}
		{BC03CB63-BDE6-4C30-A041-FCC44DA19A38} = {827E0CD3-B72D-47B6-A68D-7590B98EB39B}
		{B3F62B9F-0DCB-4B7B-BDBA-AB7A53B99983} = {827E0CD3-B72D-47B6-A68D-7590B98EB39B}
		{CE5062B3-5A49-41BE-BB13-56DAD8A6D42B} = {827E0CD3-B72D-47B6-A68D-7590B98EB39B}
		{495407BD-A987-4EFA-BB39-E9836888D325} = {827E0CD3-B72D-47B6-A68D-7590B98EB39B}
		{CBCE7787-63A6-4C0D-AF32-13F75ED881A8} = {827E0CD3-B72D-47B6-A68D-7590B98EB39B}
		{DC09C93B-BE97-4938-8414-471EF65511AF} = {827E0CD3-B72D-47B6-A68D-7590B98EB39B}
		{2385A47D-66F4-4D51-BBA2-0C81690267E8} = {827E0CD3-B72D-47B6-A68D-7590B98EB39B}
		{3401ECF2-5BB8-4A2E-852C-12DA67482BAE} = {827E0CD3-B72D-47B6-A68D-7590B98EB39B}
		{5961155D-CBB1-5011-E093-9727F036555A} = {07C2787E-EAC7-C090-1BA3-A61EC2A24D84}
		{CDFC9BD2-B7ED-4804-AA72-8102461382E7} = {5961155D-CBB1-5011-E093-9727F036555A}
	EndGlobalSection
EndGlobal
